dependencies:
- name: postgresql
  repository: https://charts.bitnami.com/bitnami
  version: 12.5.6
- name: redis
  repository: https://charts.bitnami.com/bitnami
  version: 17.11.3
digest: sha256:64ff4571cc110f1fd0a1b3578dc63fdf16684db66095b1bb1869d136684be426
generated: "2025-02-26T00:18:03.250184-05:00"
