dependencies:
- name: postgresql
  repository: https://charts.bitnami.com/bitnami
  version: 12.5.6
- name: redis
  repository: https://charts.bitnami.com/bitnami
  version: 17.11.3
digest: sha256:dd47b94248501c6042d5efd98087a6d7cfec1e4c83e9c998ff3fc0879d832945
generated: "2025-02-26T00:21:04.554605-05:00"
